{
  "name": "subscriber-endpoint",
  "lockfileVersion": 2,
  "requires": true,
  "packages": {
    "": {
      "dependencies": {
        "amqplib": "^1.0.0",
        "readline": "^1.3.0"
      }
    },
    "node_modules/amqplib": {
      "version": "1.0.6",
      "resolved": "https://registry.npmjs.org/amqplib/-/amqplib-1.0.6.tgz",
      "integrity": "sha512-HGls46nTCt5xInwow2gPcm9mX512CIA7VJWn/GS9A2ymt0PVcAzkd9GsK2tQuUTdKhTu87ZKGl5UMLdcBKNa4A==",
      "dependencies": {
        "buffer-more-ints": "~1.0.0"
      },
      "engines": {
        "node": ">=18"
      }
    },
    "node_modules/buffer-more-ints": {
      "version": "1.0.0",
      "resolved": "https://registry.npmjs.org/buffer-more-ints/-/buffer-more-ints-1.0.0.tgz",
      "integrity": "sha512-EMetuGFz5SLsT0QTnXzINh4Ksr+oo4i+UGTXEshiGCQWnsgSs7ZhJ8fzlwQ+OzEMs0MpDAMr1hxnblp5a4vcHg=="
    },
    "node_modules/readline": {
      "version": "1.3.0",
      "resolved": "https://registry.npmjs.org/readline/-/readline-1.3.0.tgz",
      "integrity": "sha512-k2d6ACCkiNYz222Fs/iNze30rRJ1iIicW7JuX/7/cozvih6YCkFZH+J6mAFDVgv0dRBaAyr4jDqC95R2y4IADg=="
    }
  },
  "dependencies": {
    "amqplib": {
      "version": "1.0.6",
      "resolved": "https://registry.npmjs.org/amqplib/-/amqplib-1.0.6.tgz",
      "integrity": "sha512-HGls46nTCt5xInwow2gPcm9mX512CIA7VJWn/GS9A2ymt0PVcAzkd9GsK2tQuUTdKhTu87ZKGl5UMLdcBKNa4A==",
      "requires": {
        "buffer-more-ints": "~1.0.0"
      }
    },
    "buffer-more-ints": {
      "version": "1.0.0",
      "resolved": "https://registry.npmjs.org/buffer-more-ints/-/buffer-more-ints-1.0.0.tgz",
      "integrity": "sha512-EMetuGFz5SLsT0QTnXzINh4Ksr+oo4i+UGTXEshiGCQWnsgSs7ZhJ8fzlwQ+OzEMs0MpDAMr1hxnblp5a4vcHg=="
    },
    "readline": {
      "version": "1.3.0",
      "resolved": "https://registry.npmjs.org/readline/-/readline-1.3.0.tgz",
      "integrity": "sha512-k2d6ACCkiNYz222Fs/iNze30rRJ1iIicW7JuX/7/cozvih6YCkFZH+J6mAFDVgv0dRBaAyr4jDqC95R2y4IADg=="
    }
  }
}
