
Microsoft Visual Studio Solution File, Format Version 12.00
# Visual Studio Version 16
VisualStudioVersion = 16.0.31005.135
MinimumVisualStudioVersion = 10.0.40219.1
Project("{9A19103F-16F7-4668-BE54-9A1E7A4F7556}") = "Website", "website\Website.csproj", "{2ECE2E5F-2FD0-436F-9639-5BC4C20252B1}"
EndProject
Project("{9A19103F-16F7-4668-BE54-9A1E7A4F7556}") = "Sales", "sales\Sales.csproj", "{12B9AFDC-A8F0-4D84-BC14-4F39292FA11C}"
EndProject
Project("{FAE04EC0-301F-11D3-BF4B-00C04F79EFBC}") = "Billing", "billing\Billing.csproj", "{B29B423F-2566-453C-9C34-4001CA7D00B7}"
EndProject
Project("{FAE04EC0-301F-11D3-BF4B-00C04F79EFBC}") = "Warehouse", "warehouse\Warehouse.csproj", "{344EB565-D2B3-40B8-AE74-0BF626DFCDAC}"
EndProject
Project("{FAE04EC0-301F-11D3-BF4B-00C04F79EFBC}") = "Sales.Messages", "Sales.Messages\Sales.Messages.csproj", "{10280FDB-E0AE-44FA-A723-FE1CF48A272E}"
EndProject
Project("{FAE04EC0-301F-11D3-BF4B-00C04F79EFBC}") = "Sales.Events", "Sales.Events\Sales.Events.csproj", "{51470F8D-54D1-45DA-BC8A-0979D927ECAB}"
EndProject
Project("{FAE04EC0-301F-11D3-BF4B-00C04F79EFBC}") = "Warehouse.Events", "Warehouse.Events\Warehouse.Events.csproj", "{0C9FF0C8-1148-4EFC-8062-9BE06BB869BB}"
EndProject
Project("{FAE04EC0-301F-11D3-BF4B-00C04F79EFBC}") = "Billing.Events", "Billing.Events\Billing.Events.csproj", "{0BF1198B-1BA6-405C-86A9-DCF16310F547}"
EndProject
Project("{FAE04EC0-301F-11D3-BF4B-00C04F79EFBC}") = "Shipping", "shipping\Shipping.csproj", "{FF71D454-540C-40E0-B8C6-A2B7F6E053DA}"
EndProject
Project("{FAE04EC0-301F-11D3-BF4B-00C04F79EFBC}") = "Shipping.Events", "Shipping.Events\Shipping.Events.csproj", "{15A2F25F-B8E1-4212-9B73-F94629C23195}"
EndProject
Project("{FAE04EC0-301F-11D3-BF4B-00C04F79EFBC}") = "Finance", "finance\Finance.csproj", "{5BA05B38-A601-4B23-B56B-AA4F20C3B9B5}"
EndProject
Project("{FAE04EC0-301F-11D3-BF4B-00C04F79EFBC}") = "Demo.Tests", "..\tests\Demo.Tests\Demo.Tests.csproj", "{3788A888-FD3E-4F9E-B9EE-53F96FCD8938}"
EndProject
Global
	GlobalSection(SolutionConfigurationPlatforms) = preSolution
		Debug|Any CPU = Debug|Any CPU
		Debug|x64 = Debug|x64
		Debug|x86 = Debug|x86
		Release|Any CPU = Release|Any CPU
		Release|x64 = Release|x64
		Release|x86 = Release|x86
	EndGlobalSection
	GlobalSection(ProjectConfigurationPlatforms) = postSolution
		{2ECE2E5F-2FD0-436F-9639-5BC4C20252B1}.Debug|Any CPU.ActiveCfg = Debug|Any CPU
		{2ECE2E5F-2FD0-436F-9639-5BC4C20252B1}.Debug|Any CPU.Build.0 = Debug|Any CPU
		{2ECE2E5F-2FD0-436F-9639-5BC4C20252B1}.Debug|x64.ActiveCfg = Debug|Any CPU
		{2ECE2E5F-2FD0-436F-9639-5BC4C20252B1}.Debug|x64.Build.0 = Debug|Any CPU
		{2ECE2E5F-2FD0-436F-9639-5BC4C20252B1}.Debug|x86.ActiveCfg = Debug|Any CPU
		{2ECE2E5F-2FD0-436F-9639-5BC4C20252B1}.Debug|x86.Build.0 = Debug|Any CPU
		{2ECE2E5F-2FD0-436F-9639-5BC4C20252B1}.Release|Any CPU.ActiveCfg = Release|Any CPU
		{2ECE2E5F-2FD0-436F-9639-5BC4C20252B1}.Release|Any CPU.Build.0 = Release|Any CPU
		{2ECE2E5F-2FD0-436F-9639-5BC4C20252B1}.Release|x64.ActiveCfg = Release|Any CPU
		{2ECE2E5F-2FD0-436F-9639-5BC4C20252B1}.Release|x64.Build.0 = Release|Any CPU
		{2ECE2E5F-2FD0-436F-9639-5BC4C20252B1}.Release|x86.ActiveCfg = Release|Any CPU
		{2ECE2E5F-2FD0-436F-9639-5BC4C20252B1}.Release|x86.Build.0 = Release|Any CPU
		{12B9AFDC-A8F0-4D84-BC14-4F39292FA11C}.Debug|Any CPU.ActiveCfg = Debug|Any CPU
		{12B9AFDC-A8F0-4D84-BC14-4F39292FA11C}.Debug|Any CPU.Build.0 = Debug|Any CPU
		{12B9AFDC-A8F0-4D84-BC14-4F39292FA11C}.Debug|x64.ActiveCfg = Debug|Any CPU
		{12B9AFDC-A8F0-4D84-BC14-4F39292FA11C}.Debug|x64.Build.0 = Debug|Any CPU
		{12B9AFDC-A8F0-4D84-BC14-4F39292FA11C}.Debug|x86.ActiveCfg = Debug|Any CPU
		{12B9AFDC-A8F0-4D84-BC14-4F39292FA11C}.Debug|x86.Build.0 = Debug|Any CPU
		{12B9AFDC-A8F0-4D84-BC14-4F39292FA11C}.Release|Any CPU.ActiveCfg = Release|Any CPU
		{12B9AFDC-A8F0-4D84-BC14-4F39292FA11C}.Release|Any CPU.Build.0 = Release|Any CPU
		{12B9AFDC-A8F0-4D84-BC14-4F39292FA11C}.Release|x64.ActiveCfg = Release|Any CPU
		{12B9AFDC-A8F0-4D84-BC14-4F39292FA11C}.Release|x64.Build.0 = Release|Any CPU
		{12B9AFDC-A8F0-4D84-BC14-4F39292FA11C}.Release|x86.ActiveCfg = Release|Any CPU
		{12B9AFDC-A8F0-4D84-BC14-4F39292FA11C}.Release|x86.Build.0 = Release|Any CPU
		{B29B423F-2566-453C-9C34-4001CA7D00B7}.Debug|Any CPU.ActiveCfg = Debug|Any CPU
		{B29B423F-2566-453C-9C34-4001CA7D00B7}.Debug|Any CPU.Build.0 = Debug|Any CPU
		{B29B423F-2566-453C-9C34-4001CA7D00B7}.Debug|x64.ActiveCfg = Debug|Any CPU
		{B29B423F-2566-453C-9C34-4001CA7D00B7}.Debug|x64.Build.0 = Debug|Any CPU
		{B29B423F-2566-453C-9C34-4001CA7D00B7}.Debug|x86.ActiveCfg = Debug|Any CPU
		{B29B423F-2566-453C-9C34-4001CA7D00B7}.Debug|x86.Build.0 = Debug|Any CPU
		{B29B423F-2566-453C-9C34-4001CA7D00B7}.Release|Any CPU.ActiveCfg = Release|Any CPU
		{B29B423F-2566-453C-9C34-4001CA7D00B7}.Release|Any CPU.Build.0 = Release|Any CPU
		{B29B423F-2566-453C-9C34-4001CA7D00B7}.Release|x64.ActiveCfg = Release|Any CPU
		{B29B423F-2566-453C-9C34-4001CA7D00B7}.Release|x64.Build.0 = Release|Any CPU
		{B29B423F-2566-453C-9C34-4001CA7D00B7}.Release|x86.ActiveCfg = Release|Any CPU
		{B29B423F-2566-453C-9C34-4001CA7D00B7}.Release|x86.Build.0 = Release|Any CPU
		{344EB565-D2B3-40B8-AE74-0BF626DFCDAC}.Debug|Any CPU.ActiveCfg = Debug|Any CPU
		{344EB565-D2B3-40B8-AE74-0BF626DFCDAC}.Debug|Any CPU.Build.0 = Debug|Any CPU
		{344EB565-D2B3-40B8-AE74-0BF626DFCDAC}.Debug|x64.ActiveCfg = Debug|Any CPU
		{344EB565-D2B3-40B8-AE74-0BF626DFCDAC}.Debug|x64.Build.0 = Debug|Any CPU
		{344EB565-D2B3-40B8-AE74-0BF626DFCDAC}.Debug|x86.ActiveCfg = Debug|Any CPU
		{344EB565-D2B3-40B8-AE74-0BF626DFCDAC}.Debug|x86.Build.0 = Debug|Any CPU
		{344EB565-D2B3-40B8-AE74-0BF626DFCDAC}.Release|Any CPU.ActiveCfg = Release|Any CPU
		{344EB565-D2B3-40B8-AE74-0BF626DFCDAC}.Release|Any CPU.Build.0 = Release|Any CPU
		{344EB565-D2B3-40B8-AE74-0BF626DFCDAC}.Release|x64.ActiveCfg = Release|Any CPU
		{344EB565-D2B3-40B8-AE74-0BF626DFCDAC}.Release|x64.Build.0 = Release|Any CPU
		{344EB565-D2B3-40B8-AE74-0BF626DFCDAC}.Release|x86.ActiveCfg = Release|Any CPU
		{344EB565-D2B3-40B8-AE74-0BF626DFCDAC}.Release|x86.Build.0 = Release|Any CPU
		{10280FDB-E0AE-44FA-A723-FE1CF48A272E}.Debug|Any CPU.ActiveCfg = Debug|Any CPU
		{10280FDB-E0AE-44FA-A723-FE1CF48A272E}.Debug|Any CPU.Build.0 = Debug|Any CPU
		{10280FDB-E0AE-44FA-A723-FE1CF48A272E}.Debug|x64.ActiveCfg = Debug|Any CPU
		{10280FDB-E0AE-44FA-A723-FE1CF48A272E}.Debug|x64.Build.0 = Debug|Any CPU
		{10280FDB-E0AE-44FA-A723-FE1CF48A272E}.Debug|x86.ActiveCfg = Debug|Any CPU
		{10280FDB-E0AE-44FA-A723-FE1CF48A272E}.Debug|x86.Build.0 = Debug|Any CPU
		{10280FDB-E0AE-44FA-A723-FE1CF48A272E}.Release|Any CPU.ActiveCfg = Release|Any CPU
		{10280FDB-E0AE-44FA-A723-FE1CF48A272E}.Release|Any CPU.Build.0 = Release|Any CPU
		{10280FDB-E0AE-44FA-A723-FE1CF48A272E}.Release|x64.ActiveCfg = Release|Any CPU
		{10280FDB-E0AE-44FA-A723-FE1CF48A272E}.Release|x64.Build.0 = Release|Any CPU
		{10280FDB-E0AE-44FA-A723-FE1CF48A272E}.Release|x86.ActiveCfg = Release|Any CPU
		{10280FDB-E0AE-44FA-A723-FE1CF48A272E}.Release|x86.Build.0 = Release|Any CPU
		{51470F8D-54D1-45DA-BC8A-0979D927ECAB}.Debug|Any CPU.ActiveCfg = Debug|Any CPU
		{51470F8D-54D1-45DA-BC8A-0979D927ECAB}.Debug|Any CPU.Build.0 = Debug|Any CPU
		{51470F8D-54D1-45DA-BC8A-0979D927ECAB}.Debug|x64.ActiveCfg = Debug|Any CPU
		{51470F8D-54D1-45DA-BC8A-0979D927ECAB}.Debug|x64.Build.0 = Debug|Any CPU
		{51470F8D-54D1-45DA-BC8A-0979D927ECAB}.Debug|x86.ActiveCfg = Debug|Any CPU
		{51470F8D-54D1-45DA-BC8A-0979D927ECAB}.Debug|x86.Build.0 = Debug|Any CPU
		{51470F8D-54D1-45DA-BC8A-0979D927ECAB}.Release|Any CPU.ActiveCfg = Release|Any CPU
		{51470F8D-54D1-45DA-BC8A-0979D927ECAB}.Release|Any CPU.Build.0 = Release|Any CPU
		{51470F8D-54D1-45DA-BC8A-0979D927ECAB}.Release|x64.ActiveCfg = Release|Any CPU
		{51470F8D-54D1-45DA-BC8A-0979D927ECAB}.Release|x64.Build.0 = Release|Any CPU
		{51470F8D-54D1-45DA-BC8A-0979D927ECAB}.Release|x86.ActiveCfg = Release|Any CPU
		{51470F8D-54D1-45DA-BC8A-0979D927ECAB}.Release|x86.Build.0 = Release|Any CPU
		{0C9FF0C8-1148-4EFC-8062-9BE06BB869BB}.Debug|Any CPU.ActiveCfg = Debug|Any CPU
		{0C9FF0C8-1148-4EFC-8062-9BE06BB869BB}.Debug|Any CPU.Build.0 = Debug|Any CPU
		{0C9FF0C8-1148-4EFC-8062-9BE06BB869BB}.Debug|x64.ActiveCfg = Debug|Any CPU
		{0C9FF0C8-1148-4EFC-8062-9BE06BB869BB}.Debug|x64.Build.0 = Debug|Any CPU
		{0C9FF0C8-1148-4EFC-8062-9BE06BB869BB}.Debug|x86.ActiveCfg = Debug|Any CPU
		{0C9FF0C8-1148-4EFC-8062-9BE06BB869BB}.Debug|x86.Build.0 = Debug|Any CPU
		{0C9FF0C8-1148-4EFC-8062-9BE06BB869BB}.Release|Any CPU.ActiveCfg = Release|Any CPU
		{0C9FF0C8-1148-4EFC-8062-9BE06BB869BB}.Release|Any CPU.Build.0 = Release|Any CPU
		{0C9FF0C8-1148-4EFC-8062-9BE06BB869BB}.Release|x64.ActiveCfg = Release|Any CPU
		{0C9FF0C8-1148-4EFC-8062-9BE06BB869BB}.Release|x64.Build.0 = Release|Any CPU
		{0C9FF0C8-1148-4EFC-8062-9BE06BB869BB}.Release|x86.ActiveCfg = Release|Any CPU
		{0C9FF0C8-1148-4EFC-8062-9BE06BB869BB}.Release|x86.Build.0 = Release|Any CPU
		{0BF1198B-1BA6-405C-86A9-DCF16310F547}.Debug|Any CPU.ActiveCfg = Debug|Any CPU
		{0BF1198B-1BA6-405C-86A9-DCF16310F547}.Debug|Any CPU.Build.0 = Debug|Any CPU
		{0BF1198B-1BA6-405C-86A9-DCF16310F547}.Debug|x64.ActiveCfg = Debug|Any CPU
		{0BF1198B-1BA6-405C-86A9-DCF16310F547}.Debug|x64.Build.0 = Debug|Any CPU
		{0BF1198B-1BA6-405C-86A9-DCF16310F547}.Debug|x86.ActiveCfg = Debug|Any CPU
		{0BF1198B-1BA6-405C-86A9-DCF16310F547}.Debug|x86.Build.0 = Debug|Any CPU
		{0BF1198B-1BA6-405C-86A9-DCF16310F547}.Release|Any CPU.ActiveCfg = Release|Any CPU
		{0BF1198B-1BA6-405C-86A9-DCF16310F547}.Release|Any CPU.Build.0 = Release|Any CPU
		{0BF1198B-1BA6-405C-86A9-DCF16310F547}.Release|x64.ActiveCfg = Release|Any CPU
		{0BF1198B-1BA6-405C-86A9-DCF16310F547}.Release|x64.Build.0 = Release|Any CPU
		{0BF1198B-1BA6-405C-86A9-DCF16310F547}.Release|x86.ActiveCfg = Release|Any CPU
		{0BF1198B-1BA6-405C-86A9-DCF16310F547}.Release|x86.Build.0 = Release|Any CPU
		{FF71D454-540C-40E0-B8C6-A2B7F6E053DA}.Debug|Any CPU.ActiveCfg = Debug|Any CPU
		{FF71D454-540C-40E0-B8C6-A2B7F6E053DA}.Debug|Any CPU.Build.0 = Debug|Any CPU
		{FF71D454-540C-40E0-B8C6-A2B7F6E053DA}.Debug|x64.ActiveCfg = Debug|Any CPU
		{FF71D454-540C-40E0-B8C6-A2B7F6E053DA}.Debug|x64.Build.0 = Debug|Any CPU
		{FF71D454-540C-40E0-B8C6-A2B7F6E053DA}.Debug|x86.ActiveCfg = Debug|Any CPU
		{FF71D454-540C-40E0-B8C6-A2B7F6E053DA}.Debug|x86.Build.0 = Debug|Any CPU
		{FF71D454-540C-40E0-B8C6-A2B7F6E053DA}.Release|Any CPU.ActiveCfg = Release|Any CPU
		{FF71D454-540C-40E0-B8C6-A2B7F6E053DA}.Release|Any CPU.Build.0 = Release|Any CPU
		{FF71D454-540C-40E0-B8C6-A2B7F6E053DA}.Release|x64.ActiveCfg = Release|Any CPU
		{FF71D454-540C-40E0-B8C6-A2B7F6E053DA}.Release|x64.Build.0 = Release|Any CPU
		{FF71D454-540C-40E0-B8C6-A2B7F6E053DA}.Release|x86.ActiveCfg = Release|Any CPU
		{FF71D454-540C-40E0-B8C6-A2B7F6E053DA}.Release|x86.Build.0 = Release|Any CPU
		{15A2F25F-B8E1-4212-9B73-F94629C23195}.Debug|Any CPU.ActiveCfg = Debug|Any CPU
		{15A2F25F-B8E1-4212-9B73-F94629C23195}.Debug|Any CPU.Build.0 = Debug|Any CPU
		{15A2F25F-B8E1-4212-9B73-F94629C23195}.Debug|x64.ActiveCfg = Debug|Any CPU
		{15A2F25F-B8E1-4212-9B73-F94629C23195}.Debug|x64.Build.0 = Debug|Any CPU
		{15A2F25F-B8E1-4212-9B73-F94629C23195}.Debug|x86.ActiveCfg = Debug|Any CPU
		{15A2F25F-B8E1-4212-9B73-F94629C23195}.Debug|x86.Build.0 = Debug|Any CPU
		{15A2F25F-B8E1-4212-9B73-F94629C23195}.Release|Any CPU.ActiveCfg = Release|Any CPU
		{15A2F25F-B8E1-4212-9B73-F94629C23195}.Release|Any CPU.Build.0 = Release|Any CPU
		{15A2F25F-B8E1-4212-9B73-F94629C23195}.Release|x64.ActiveCfg = Release|Any CPU
		{15A2F25F-B8E1-4212-9B73-F94629C23195}.Release|x64.Build.0 = Release|Any CPU
		{15A2F25F-B8E1-4212-9B73-F94629C23195}.Release|x86.ActiveCfg = Release|Any CPU
		{15A2F25F-B8E1-4212-9B73-F94629C23195}.Release|x86.Build.0 = Release|Any CPU
		{5BA05B38-A601-4B23-B56B-AA4F20C3B9B5}.Debug|Any CPU.ActiveCfg = Debug|Any CPU
		{5BA05B38-A601-4B23-B56B-AA4F20C3B9B5}.Debug|Any CPU.Build.0 = Debug|Any CPU
		{5BA05B38-A601-4B23-B56B-AA4F20C3B9B5}.Debug|x64.ActiveCfg = Debug|Any CPU
		{5BA05B38-A601-4B23-B56B-AA4F20C3B9B5}.Debug|x64.Build.0 = Debug|Any CPU
		{5BA05B38-A601-4B23-B56B-AA4F20C3B9B5}.Debug|x86.ActiveCfg = Debug|Any CPU
		{5BA05B38-A601-4B23-B56B-AA4F20C3B9B5}.Debug|x86.Build.0 = Debug|Any CPU
		{5BA05B38-A601-4B23-B56B-AA4F20C3B9B5}.Release|Any CPU.ActiveCfg = Release|Any CPU
		{5BA05B38-A601-4B23-B56B-AA4F20C3B9B5}.Release|Any CPU.Build.0 = Release|Any CPU
		{5BA05B38-A601-4B23-B56B-AA4F20C3B9B5}.Release|x64.ActiveCfg = Release|Any CPU
		{5BA05B38-A601-4B23-B56B-AA4F20C3B9B5}.Release|x64.Build.0 = Release|Any CPU
		{5BA05B38-A601-4B23-B56B-AA4F20C3B9B5}.Release|x86.ActiveCfg = Release|Any CPU
		{5BA05B38-A601-4B23-B56B-AA4F20C3B9B5}.Release|x86.Build.0 = Release|Any CPU
		{3788A888-FD3E-4F9E-B9EE-53F96FCD8938}.Debug|Any CPU.ActiveCfg = Debug|Any CPU
		{3788A888-FD3E-4F9E-B9EE-53F96FCD8938}.Debug|Any CPU.Build.0 = Debug|Any CPU
		{3788A888-FD3E-4F9E-B9EE-53F96FCD8938}.Debug|x64.ActiveCfg = Debug|Any CPU
		{3788A888-FD3E-4F9E-B9EE-53F96FCD8938}.Debug|x64.Build.0 = Debug|Any CPU
		{3788A888-FD3E-4F9E-B9EE-53F96FCD8938}.Debug|x86.ActiveCfg = Debug|Any CPU
		{3788A888-FD3E-4F9E-B9EE-53F96FCD8938}.Debug|x86.Build.0 = Debug|Any CPU
		{3788A888-FD3E-4F9E-B9EE-53F96FCD8938}.Release|Any CPU.ActiveCfg = Release|Any CPU
		{3788A888-FD3E-4F9E-B9EE-53F96FCD8938}.Release|Any CPU.Build.0 = Release|Any CPU
		{3788A888-FD3E-4F9E-B9EE-53F96FCD8938}.Release|x64.ActiveCfg = Release|Any CPU
		{3788A888-FD3E-4F9E-B9EE-53F96FCD8938}.Release|x64.Build.0 = Release|Any CPU
		{3788A888-FD3E-4F9E-B9EE-53F96FCD8938}.Release|x86.ActiveCfg = Release|Any CPU
		{3788A888-FD3E-4F9E-B9EE-53F96FCD8938}.Release|x86.Build.0 = Release|Any CPU
	EndGlobalSection
	GlobalSection(SolutionProperties) = preSolution
		HideSolutionNode = FALSE
	EndGlobalSection
	GlobalSection(ExtensibilityGlobals) = postSolution
		SolutionGuid = {3AA05C8B-3848-45F9-AEF6-BC3BB3E9CD94}
	EndGlobalSection
EndGlobal
